// !$*UTF8*$!
{
	archiveVersion = 1;
	classes = {
	};
	objectVersion = 56;
	objects = {

/* Begin PBXBuildFile section */
		1010B4D82C27238400F3114B /* A_listApp.swift in Sources */ = {isa = PBXBuildFile; fileRef = 1010B4D72C27238400F3114B /* A_listApp.swift */; };
		1010B4DC2C27238600F3114B /* Assets.xcassets in Resources */ = {isa = PBXBuildFile; fileRef = 1010B4DB2C27238600F3114B /* Assets.xcassets */; };
		1010B4DF2C27238600F3114B /* Preview Assets.xcassets in Resources */ = {isa = PBXBuildFile; fileRef = 1010B4DE2C27238600F3114B /* Preview Assets.xcassets */; };
		1010B4EE2C27238700F3114B /* A_listTests.swift in Sources */ = {isa = PBXBuildFile; fileRef = 1010B4ED2C27238700F3114B /* A_listTests.swift */; };
		1010B4F82C27238700F3114B /* A_listUITests.swift in Sources */ = {isa = PBXBuildFile; fileRef = 1010B4F72C27238700F3114B /* A_listUITests.swift */; };
		1010B4FA2C27238700F3114B /* A_listUITestsLaunchTests.swift in Sources */ = {isa = PBXBuildFile; fileRef = 1010B4F92C27238700F3114B /* A_listUITestsLaunchTests.swift */; };
		1010B5072C28262C00F3114B /* HomeView.swift in Sources */ = {isa = PBXBuildFile; fileRef = 1010B5062C28262C00F3114B /* HomeView.swift */; };
		1011E5442C2C5F1700A75CA6 /* RegistrationViewViewModel.swift in Sources */ = {isa = PBXBuildFile; fileRef = 1011E5432C2C5F1700A75CA6 /* RegistrationViewViewModel.swift */; };
		1024D0D02C2B1E1000202864 /* Encodable + Extension.swift in Sources */ = {isa = PBXBuildFile; fileRef = 1024D0CF2C2B1E1000202864 /* Encodable + Extension.swift */; };
		1024D0D22C2B306700202864 /* MainView.swift in Sources */ = {isa = PBXBuildFile; fileRef = 1024D0D12C2B306700202864 /* MainView.swift */; };
		1024D0D42C2B307B00202864 /* MainViewModel.swift in Sources */ = {isa = PBXBuildFile; fileRef = 1024D0D32C2B307B00202864 /* MainViewModel.swift */; };
		1024D0D62C2B426300202864 /* GoogleService-Info.plist in Resources */ = {isa = PBXBuildFile; fileRef = 1024D0D52C2B426300202864 /* GoogleService-Info.plist */; };
		10412AA82C2CA29800F79210 /* FirebaseAnalytics in Frameworks */ = {isa = PBXBuildFile; productRef = 10412AA72C2CA29800F79210 /* FirebaseAnalytics */; };
		10412AAA2C2CA29800F79210 /* FirebaseAnalyticsSwift in Frameworks */ = {isa = PBXBuildFile; productRef = 10412AA92C2CA29800F79210 /* FirebaseAnalyticsSwift */; };
		10412AAC2C2CA29800F79210 /* FirebaseAuth in Frameworks */ = {isa = PBXBuildFile; productRef = 10412AAB2C2CA29800F79210 /* FirebaseAuth */; };
		10412AAE2C2CA29800F79210 /* FirebaseFirestore in Frameworks */ = {isa = PBXBuildFile; productRef = 10412AAD2C2CA29800F79210 /* FirebaseFirestore */; };
		10412AB02C2CA29800F79210 /* FirebaseFirestoreSwift in Frameworks */ = {isa = PBXBuildFile; productRef = 10412AAF2C2CA29800F79210 /* FirebaseFirestoreSwift */; };
		10439B112C28B32E005979FF /* ListView.swift in Sources */ = {isa = PBXBuildFile; fileRef = 10439B102C28B32E005979FF /* ListView.swift */; };
		10439B152C28B86B005979FF /* ListViewModel.swift in Sources */ = {isa = PBXBuildFile; fileRef = 10439B142C28B86B005979FF /* ListViewModel.swift */; };
		10439B1A2C297FF5005979FF /* HomeViewModel.swift in Sources */ = {isa = PBXBuildFile; fileRef = 10439B192C297FF5005979FF /* HomeViewModel.swift */; };
		10439B2E2C29C796005979FF /* LoginView.swift in Sources */ = {isa = PBXBuildFile; fileRef = 10439B2D2C29C795005979FF /* LoginView.swift */; };
		10439B322C29C7AC005979FF /* LoginViewModel.swift in Sources */ = {isa = PBXBuildFile; fileRef = 10439B312C29C7AC005979FF /* LoginViewModel.swift */; };
		10439B332C29C7AC005979FF /* LoginViewModel.swift in Sources */ = {isa = PBXBuildFile; fileRef = 10439B312C29C7AC005979FF /* LoginViewModel.swift */; };
		10439B342C29C7AC005979FF /* LoginViewModel.swift in Sources */ = {isa = PBXBuildFile; fileRef = 10439B312C29C7AC005979FF /* LoginViewModel.swift */; };
		10657EB72C3343F900E9657F /* KeyboardManager.swift in Sources */ = {isa = PBXBuildFile; fileRef = 10657EB62C3343F900E9657F /* KeyboardManager.swift */; };
		107AF3182C2A063E00A2F56B /* SettingsView.swift in Sources */ = {isa = PBXBuildFile; fileRef = 107AF3172C2A063E00A2F56B /* SettingsView.swift */; };
		107AF31A2C2A066D00A2F56B /* SettingsViewModel.swift in Sources */ = {isa = PBXBuildFile; fileRef = 107AF3192C2A066D00A2F56B /* SettingsViewModel.swift */; };
		107AF31C2C2ACF0800A2F56B /* Settings.swift in Sources */ = {isa = PBXBuildFile; fileRef = 107AF31B2C2ACF0800A2F56B /* Settings.swift */; };
		107AF31E2C2AD7BD00A2F56B /* SettingsSectionView.swift in Sources */ = {isa = PBXBuildFile; fileRef = 107AF31D2C2AD7BD00A2F56B /* SettingsSectionView.swift */; };
		107AF3202C2AD7D300A2F56B /* SettingsSectionViewModel.swift in Sources */ = {isa = PBXBuildFile; fileRef = 107AF31F2C2AD7D300A2F56B /* SettingsSectionViewModel.swift */; };
		107AF3222C2AEC4300A2F56B /* UserSettingsView.swift in Sources */ = {isa = PBXBuildFile; fileRef = 107AF3212C2AEC4300A2F56B /* UserSettingsView.swift */; };
		107AF3242C2AEC7800A2F56B /* FriendsSettingsView.swift in Sources */ = {isa = PBXBuildFile; fileRef = 107AF3232C2AEC7800A2F56B /* FriendsSettingsView.swift */; };
		107AF3282C2AED1B00A2F56B /* CalendarSettingsView.swift in Sources */ = {isa = PBXBuildFile; fileRef = 107AF3272C2AED1B00A2F56B /* CalendarSettingsView.swift */; };
		107AF32A2C2AED3F00A2F56B /* ModeSettingsView.swift in Sources */ = {isa = PBXBuildFile; fileRef = 107AF3292C2AED3F00A2F56B /* ModeSettingsView.swift */; };
		107AF32C2C2AED6900A2F56B /* NotificationsSettingsView.swift in Sources */ = {isa = PBXBuildFile; fileRef = 107AF32B2C2AED6900A2F56B /* NotificationsSettingsView.swift */; };
		107AF32E2C2AED8500A2F56B /* SupportSettingsView.swift in Sources */ = {isa = PBXBuildFile; fileRef = 107AF32D2C2AED8500A2F56B /* SupportSettingsView.swift */; };
		107AF3302C2AFB0600A2F56B /* User.swift in Sources */ = {isa = PBXBuildFile; fileRef = 107AF32F2C2AFB0600A2F56B /* User.swift */; };
		107AF3322C2AFCB500A2F56B /* Category.swift in Sources */ = {isa = PBXBuildFile; fileRef = 107AF3312C2AFCB500A2F56B /* Category.swift */; };
		107AF3342C2AFCF500A2F56B /* ShoppingList.swift in Sources */ = {isa = PBXBuildFile; fileRef = 107AF3332C2AFCF500A2F56B /* ShoppingList.swift */; };
		109F9D372C32CB3300709AA5 /* Test.swift in Sources */ = {isa = PBXBuildFile; fileRef = 109F9D362C32CB3300709AA5 /* Test.swift */; };
		10A6405C2C330CB3000FD228 /* Array + Extension.swift in Sources */ = {isa = PBXBuildFile; fileRef = 10A6405B2C330CB3000FD228 /* Array + Extension.swift */; };
		10C1A53D2C2C0E38005C0F40 /* RegistrationView.swift in Sources */ = {isa = PBXBuildFile; fileRef = 10C1A53C2C2C0E38005C0F40 /* RegistrationView.swift */; };
		10C753F82C31F5370011742B /* ShoppingItem.swift in Sources */ = {isa = PBXBuildFile; fileRef = 10C753F72C31F5370011742B /* ShoppingItem.swift */; };
		10C753FA2C31F5B30011742B /* Unit.swift in Sources */ = {isa = PBXBuildFile; fileRef = 10C753F92C31F5B30011742B /* Unit.swift */; };
		10DDFD5D2C282EFA00F300F3 /* Resources.swift in Sources */ = {isa = PBXBuildFile; fileRef = 10DDFD5C2C282EFA00F300F3 /* Resources.swift */; };
		10DDFD5F2C28519200F300F3 /* NewListView.swift in Sources */ = {isa = PBXBuildFile; fileRef = 10DDFD5E2C28519200F300F3 /* NewListView.swift */; };
		10DDFD6A2C286B8F00F300F3 /* NewListSteps.swift in Sources */ = {isa = PBXBuildFile; fileRef = 10DDFD692C286B8F00F300F3 /* NewListSteps.swift */; };
		10DDFD6C2C286D9400F300F3 /* NewListViewModel.swift in Sources */ = {isa = PBXBuildFile; fileRef = 10DDFD6B2C286D9400F300F3 /* NewListViewModel.swift */; };
/* End PBXBuildFile section */

/* Begin PBXContainerItemProxy section */
		1010B4EA2C27238700F3114B /* PBXContainerItemProxy */ = {
			isa = PBXContainerItemProxy;
			containerPortal = 1010B4CC2C27238400F3114B /* Project object */;
			proxyType = 1;
			remoteGlobalIDString = 1010B4D32C27238400F3114B;
			remoteInfo = "A-list";
		};
		1010B4F42C27238700F3114B /* PBXContainerItemProxy */ = {
			isa = PBXContainerItemProxy;
			containerPortal = 1010B4CC2C27238400F3114B /* Project object */;
			proxyType = 1;
			remoteGlobalIDString = 1010B4D32C27238400F3114B;
			remoteInfo = "A-list";
		};
/* End PBXContainerItemProxy section */

/* Begin PBXFileReference section */
		1010B4D42C27238400F3114B /* A-list.app */ = {isa = PBXFileReference; explicitFileType = wrapper.application; includeInIndex = 0; path = "A-list.app"; sourceTree = BUILT_PRODUCTS_DIR; };
		1010B4D72C27238400F3114B /* A_listApp.swift */ = {isa = PBXFileReference; lastKnownFileType = sourcecode.swift; path = A_listApp.swift; sourceTree = "<group>"; };
		1010B4DB2C27238600F3114B /* Assets.xcassets */ = {isa = PBXFileReference; lastKnownFileType = folder.assetcatalog; path = Assets.xcassets; sourceTree = "<group>"; };
		1010B4DE2C27238600F3114B /* Preview Assets.xcassets */ = {isa = PBXFileReference; lastKnownFileType = folder.assetcatalog; path = "Preview Assets.xcassets"; sourceTree = "<group>"; };
		1010B4E92C27238700F3114B /* A-listTests.xctest */ = {isa = PBXFileReference; explicitFileType = wrapper.cfbundle; includeInIndex = 0; path = "A-listTests.xctest"; sourceTree = BUILT_PRODUCTS_DIR; };
		1010B4ED2C27238700F3114B /* A_listTests.swift */ = {isa = PBXFileReference; lastKnownFileType = sourcecode.swift; path = A_listTests.swift; sourceTree = "<group>"; };
		1010B4F32C27238700F3114B /* A-listUITests.xctest */ = {isa = PBXFileReference; explicitFileType = wrapper.cfbundle; includeInIndex = 0; path = "A-listUITests.xctest"; sourceTree = BUILT_PRODUCTS_DIR; };
		1010B4F72C27238700F3114B /* A_listUITests.swift */ = {isa = PBXFileReference; lastKnownFileType = sourcecode.swift; path = A_listUITests.swift; sourceTree = "<group>"; };
		1010B4F92C27238700F3114B /* A_listUITestsLaunchTests.swift */ = {isa = PBXFileReference; lastKnownFileType = sourcecode.swift; path = A_listUITestsLaunchTests.swift; sourceTree = "<group>"; };
		1010B5062C28262C00F3114B /* HomeView.swift */ = {isa = PBXFileReference; lastKnownFileType = sourcecode.swift; path = HomeView.swift; sourceTree = "<group>"; };
		1011E5432C2C5F1700A75CA6 /* RegistrationViewViewModel.swift */ = {isa = PBXFileReference; lastKnownFileType = sourcecode.swift; path = RegistrationViewViewModel.swift; sourceTree = "<group>"; };
		1024D0CF2C2B1E1000202864 /* Encodable + Extension.swift */ = {isa = PBXFileReference; lastKnownFileType = sourcecode.swift; path = "Encodable + Extension.swift"; sourceTree = "<group>"; };
		1024D0D12C2B306700202864 /* MainView.swift */ = {isa = PBXFileReference; lastKnownFileType = sourcecode.swift; path = MainView.swift; sourceTree = "<group>"; };
		1024D0D32C2B307B00202864 /* MainViewModel.swift */ = {isa = PBXFileReference; lastKnownFileType = sourcecode.swift; path = MainViewModel.swift; sourceTree = "<group>"; };
		1024D0D52C2B426300202864 /* GoogleService-Info.plist */ = {isa = PBXFileReference; fileEncoding = 4; lastKnownFileType = text.plist.xml; path = "GoogleService-Info.plist"; sourceTree = "<group>"; };
		10439B102C28B32E005979FF /* ListView.swift */ = {isa = PBXFileReference; lastKnownFileType = sourcecode.swift; path = ListView.swift; sourceTree = "<group>"; };
		10439B142C28B86B005979FF /* ListViewModel.swift */ = {isa = PBXFileReference; lastKnownFileType = sourcecode.swift; path = ListViewModel.swift; sourceTree = "<group>"; };
		10439B192C297FF5005979FF /* HomeViewModel.swift */ = {isa = PBXFileReference; lastKnownFileType = sourcecode.swift; path = HomeViewModel.swift; sourceTree = "<group>"; };
		10439B2D2C29C795005979FF /* LoginView.swift */ = {isa = PBXFileReference; lastKnownFileType = sourcecode.swift; path = LoginView.swift; sourceTree = "<group>"; };
		10439B312C29C7AC005979FF /* LoginViewModel.swift */ = {isa = PBXFileReference; lastKnownFileType = sourcecode.swift; path = LoginViewModel.swift; sourceTree = "<group>"; };
		10657EB62C3343F900E9657F /* KeyboardManager.swift */ = {isa = PBXFileReference; lastKnownFileType = sourcecode.swift; path = KeyboardManager.swift; sourceTree = "<group>"; };
		107AF3172C2A063E00A2F56B /* SettingsView.swift */ = {isa = PBXFileReference; lastKnownFileType = sourcecode.swift; path = SettingsView.swift; sourceTree = "<group>"; };
		107AF3192C2A066D00A2F56B /* SettingsViewModel.swift */ = {isa = PBXFileReference; lastKnownFileType = sourcecode.swift; path = SettingsViewModel.swift; sourceTree = "<group>"; };
		107AF31B2C2ACF0800A2F56B /* Settings.swift */ = {isa = PBXFileReference; lastKnownFileType = sourcecode.swift; path = Settings.swift; sourceTree = "<group>"; };
		107AF31D2C2AD7BD00A2F56B /* SettingsSectionView.swift */ = {isa = PBXFileReference; lastKnownFileType = sourcecode.swift; path = SettingsSectionView.swift; sourceTree = "<group>"; };
		107AF31F2C2AD7D300A2F56B /* SettingsSectionViewModel.swift */ = {isa = PBXFileReference; lastKnownFileType = sourcecode.swift; path = SettingsSectionViewModel.swift; sourceTree = "<group>"; };
		107AF3212C2AEC4300A2F56B /* UserSettingsView.swift */ = {isa = PBXFileReference; lastKnownFileType = sourcecode.swift; path = UserSettingsView.swift; sourceTree = "<group>"; };
		107AF3232C2AEC7800A2F56B /* FriendsSettingsView.swift */ = {isa = PBXFileReference; lastKnownFileType = sourcecode.swift; path = FriendsSettingsView.swift; sourceTree = "<group>"; };
		107AF3272C2AED1B00A2F56B /* CalendarSettingsView.swift */ = {isa = PBXFileReference; lastKnownFileType = sourcecode.swift; path = CalendarSettingsView.swift; sourceTree = "<group>"; };
		107AF3292C2AED3F00A2F56B /* ModeSettingsView.swift */ = {isa = PBXFileReference; lastKnownFileType = sourcecode.swift; path = ModeSettingsView.swift; sourceTree = "<group>"; };
		107AF32B2C2AED6900A2F56B /* NotificationsSettingsView.swift */ = {isa = PBXFileReference; lastKnownFileType = sourcecode.swift; path = NotificationsSettingsView.swift; sourceTree = "<group>"; };
		107AF32D2C2AED8500A2F56B /* SupportSettingsView.swift */ = {isa = PBXFileReference; lastKnownFileType = sourcecode.swift; path = SupportSettingsView.swift; sourceTree = "<group>"; };
		107AF32F2C2AFB0600A2F56B /* User.swift */ = {isa = PBXFileReference; lastKnownFileType = sourcecode.swift; path = User.swift; sourceTree = "<group>"; };
		107AF3312C2AFCB500A2F56B /* Category.swift */ = {isa = PBXFileReference; lastKnownFileType = sourcecode.swift; path = Category.swift; sourceTree = "<group>"; };
		107AF3332C2AFCF500A2F56B /* ShoppingList.swift */ = {isa = PBXFileReference; lastKnownFileType = sourcecode.swift; path = ShoppingList.swift; sourceTree = "<group>"; };
		109F9D362C32CB3300709AA5 /* Test.swift */ = {isa = PBXFileReference; lastKnownFileType = sourcecode.swift; path = Test.swift; sourceTree = "<group>"; };
		10A6405B2C330CB3000FD228 /* Array + Extension.swift */ = {isa = PBXFileReference; lastKnownFileType = sourcecode.swift; path = "Array + Extension.swift"; sourceTree = "<group>"; };
		10C1A53B2C2B6851005C0F40 /* Info.plist */ = {isa = PBXFileReference; lastKnownFileType = text.plist; path = Info.plist; sourceTree = "<group>"; };
		10C1A53C2C2C0E38005C0F40 /* RegistrationView.swift */ = {isa = PBXFileReference; lastKnownFileType = sourcecode.swift; path = RegistrationView.swift; sourceTree = "<group>"; };
		10C753F72C31F5370011742B /* ShoppingItem.swift */ = {isa = PBXFileReference; lastKnownFileType = sourcecode.swift; path = ShoppingItem.swift; sourceTree = "<group>"; };
		10C753F92C31F5B30011742B /* Unit.swift */ = {isa = PBXFileReference; lastKnownFileType = sourcecode.swift; path = Unit.swift; sourceTree = "<group>"; };
		10DDFD5C2C282EFA00F300F3 /* Resources.swift */ = {isa = PBXFileReference; lastKnownFileType = sourcecode.swift; path = Resources.swift; sourceTree = "<group>"; };
		10DDFD5E2C28519200F300F3 /* NewListView.swift */ = {isa = PBXFileReference; lastKnownFileType = sourcecode.swift; path = NewListView.swift; sourceTree = "<group>"; };
		10DDFD692C286B8F00F300F3 /* NewListSteps.swift */ = {isa = PBXFileReference; lastKnownFileType = sourcecode.swift; path = NewListSteps.swift; sourceTree = "<group>"; };
		10DDFD6B2C286D9400F300F3 /* NewListViewModel.swift */ = {isa = PBXFileReference; lastKnownFileType = sourcecode.swift; path = NewListViewModel.swift; sourceTree = "<group>"; };
/* End PBXFileReference section */

/* Begin PBXFrameworksBuildPhase section */
		1010B4D12C27238400F3114B /* Frameworks */ = {
			isa = PBXFrameworksBuildPhase;
			buildActionMask = 2147483647;
			files = (
				10412AB02C2CA29800F79210 /* FirebaseFirestoreSwift in Frameworks */,
				10412AAA2C2CA29800F79210 /* FirebaseAnalyticsSwift in Frameworks */,
				10412AAE2C2CA29800F79210 /* FirebaseFirestore in Frameworks */,
				10412AAC2C2CA29800F79210 /* FirebaseAuth in Frameworks */,
				10412AA82C2CA29800F79210 /* FirebaseAnalytics in Frameworks */,
			);
			runOnlyForDeploymentPostprocessing = 0;
		};
		1010B4E62C27238700F3114B /* Frameworks */ = {
			isa = PBXFrameworksBuildPhase;
			buildActionMask = 2147483647;
			files = (
			);
			runOnlyForDeploymentPostprocessing = 0;
		};
		1010B4F02C27238700F3114B /* Frameworks */ = {
			isa = PBXFrameworksBuildPhase;
			buildActionMask = 2147483647;
			files = (
			);
			runOnlyForDeploymentPostprocessing = 0;
		};
/* End PBXFrameworksBuildPhase section */

/* Begin PBXGroup section */
		1010B4CB2C27238400F3114B = {
			isa = PBXGroup;
			children = (
				1010B4D62C27238400F3114B /* A-list */,
				1010B4EC2C27238700F3114B /* A-listTests */,
				1010B4F62C27238700F3114B /* A-listUITests */,
				1010B4D52C27238400F3114B /* Products */,
			);
			sourceTree = "<group>";
		};
		1010B4D52C27238400F3114B /* Products */ = {
			isa = PBXGroup;
			children = (
				1010B4D42C27238400F3114B /* A-list.app */,
				1010B4E92C27238700F3114B /* A-listTests.xctest */,
				1010B4F32C27238700F3114B /* A-listUITests.xctest */,
			);
			name = Products;
			sourceTree = "<group>";
		};
		1010B4D62C27238400F3114B /* A-list */ = {
			isa = PBXGroup;
			children = (
				10DDFD662C286B3500F300F3 /* App */,
				10DDFD642C286B0100F300F3 /* Models */,
				10DDFD602C286A5E00F300F3 /* Views */,
				10DDFD652C286B0900F300F3 /* ViewModels */,
				1010B4DB2C27238600F3114B /* Assets.xcassets */,
				10C1A53B2C2B6851005C0F40 /* Info.plist */,
				1024D0D52C2B426300202864 /* GoogleService-Info.plist */,
				1010B4DD2C27238600F3114B /* Preview Content */,
			);
			path = "A-list";
			sourceTree = "<group>";
		};
		1010B4DD2C27238600F3114B /* Preview Content */ = {
			isa = PBXGroup;
			children = (
				1010B4DE2C27238600F3114B /* Preview Assets.xcassets */,
			);
			path = "Preview Content";
			sourceTree = "<group>";
		};
		1010B4EC2C27238700F3114B /* A-listTests */ = {
			isa = PBXGroup;
			children = (
				1010B4ED2C27238700F3114B /* A_listTests.swift */,
			);
			path = "A-listTests";
			sourceTree = "<group>";
		};
		1010B4F62C27238700F3114B /* A-listUITests */ = {
			isa = PBXGroup;
			children = (
				1010B4F72C27238700F3114B /* A_listUITests.swift */,
				1010B4F92C27238700F3114B /* A_listUITestsLaunchTests.swift */,
			);
			path = "A-listUITests";
			sourceTree = "<group>";
		};
		1025AFFA2C2D7850004AFB73 /* Auth */ = {
			isa = PBXGroup;
			children = (
				1024D0D12C2B306700202864 /* MainView.swift */,
				10439B2D2C29C795005979FF /* LoginView.swift */,
				10C1A53C2C2C0E38005C0F40 /* RegistrationView.swift */,
			);
			path = Auth;
			sourceTree = "<group>";
		};
		1025AFFB2C2D785A004AFB73 /* Auth */ = {
			isa = PBXGroup;
			children = (
				1024D0D32C2B307B00202864 /* MainViewModel.swift */,
				10439B312C29C7AC005979FF /* LoginViewModel.swift */,
				1011E5432C2C5F1700A75CA6 /* RegistrationViewViewModel.swift */,
			);
			path = Auth;
			sourceTree = "<group>";
		};
		1025AFFC2C2D786B004AFB73 /* Settings */ = {
			isa = PBXGroup;
			children = (
				107AF3172C2A063E00A2F56B /* SettingsView.swift */,
				107AF31D2C2AD7BD00A2F56B /* SettingsSectionView.swift */,
				10439B1B2C29B7F1005979FF /* Components */,
			);
			path = Settings;
			sourceTree = "<group>";
		};
		1025AFFD2C2D787C004AFB73 /* Settings */ = {
			isa = PBXGroup;
			children = (
				107AF3192C2A066D00A2F56B /* SettingsViewModel.swift */,
				107AF31F2C2AD7D300A2F56B /* SettingsSectionViewModel.swift */,
			);
			path = Settings;
			sourceTree = "<group>";
		};
		102944E32C32E33300900640 /* Protocols */ = {
			isa = PBXGroup;
			children = (
			);
			path = Protocols;
			sourceTree = "<group>";
		};
		10439B1B2C29B7F1005979FF /* Components */ = {
			isa = PBXGroup;
			children = (
				107AF3212C2AEC4300A2F56B /* UserSettingsView.swift */,
				107AF3232C2AEC7800A2F56B /* FriendsSettingsView.swift */,
				107AF3272C2AED1B00A2F56B /* CalendarSettingsView.swift */,
				107AF3292C2AED3F00A2F56B /* ModeSettingsView.swift */,
				107AF32B2C2AED6900A2F56B /* NotificationsSettingsView.swift */,
				107AF32D2C2AED8500A2F56B /* SupportSettingsView.swift */,
			);
			path = Components;
			sourceTree = "<group>";
		};
		10DDFD602C286A5E00F300F3 /* Views */ = {
			isa = PBXGroup;
			children = (
				1025AFFA2C2D7850004AFB73 /* Auth */,
				1010B5062C28262C00F3114B /* HomeView.swift */,
				10DDFD5E2C28519200F300F3 /* NewListView.swift */,
				10439B102C28B32E005979FF /* ListView.swift */,
				1025AFFC2C2D786B004AFB73 /* Settings */,
				109F9D362C32CB3300709AA5 /* Test.swift */,
			);
			path = Views;
			sourceTree = "<group>";
		};
		10DDFD642C286B0100F300F3 /* Models */ = {
			isa = PBXGroup;
			children = (
				102944E32C32E33300900640 /* Protocols */,
				10DDFD672C286B4900F300F3 /* Helpers */,
				10DDFD692C286B8F00F300F3 /* NewListSteps.swift */,
				107AF31B2C2ACF0800A2F56B /* Settings.swift */,
				107AF32F2C2AFB0600A2F56B /* User.swift */,
				107AF3312C2AFCB500A2F56B /* Category.swift */,
				107AF3332C2AFCF500A2F56B /* ShoppingList.swift */,
				10C753F72C31F5370011742B /* ShoppingItem.swift */,
				10C753F92C31F5B30011742B /* Unit.swift */,
				10657EB62C3343F900E9657F /* KeyboardManager.swift */,
			);
			path = Models;
			sourceTree = "<group>";
		};
		10DDFD652C286B0900F300F3 /* ViewModels */ = {
			isa = PBXGroup;
			children = (
				1025AFFB2C2D785A004AFB73 /* Auth */,
				10439B192C297FF5005979FF /* HomeViewModel.swift */,
				10DDFD6B2C286D9400F300F3 /* NewListViewModel.swift */,
				10439B142C28B86B005979FF /* ListViewModel.swift */,
				1025AFFD2C2D787C004AFB73 /* Settings */,
			);
			path = ViewModels;
			sourceTree = "<group>";
		};
		10DDFD662C286B3500F300F3 /* App */ = {
			isa = PBXGroup;
			children = (
				1010B4D72C27238400F3114B /* A_listApp.swift */,
			);
			path = App;
			sourceTree = "<group>";
		};
		10DDFD672C286B4900F300F3 /* Helpers */ = {
			isa = PBXGroup;
			children = (
				10DDFD5C2C282EFA00F300F3 /* Resources.swift */,
				1024D0CF2C2B1E1000202864 /* Encodable + Extension.swift */,
				10A6405B2C330CB3000FD228 /* Array + Extension.swift */,
			);
			path = Helpers;
			sourceTree = "<group>";
		};
/* End PBXGroup section */

/* Begin PBXNativeTarget section */
		1010B4D32C27238400F3114B /* A-list */ = {
			isa = PBXNativeTarget;
			buildConfigurationList = 1010B4FD2C27238700F3114B /* Build configuration list for PBXNativeTarget "A-list" */;
			buildPhases = (
				1010B4D02C27238400F3114B /* Sources */,
				1010B4D12C27238400F3114B /* Frameworks */,
				1010B4D22C27238400F3114B /* Resources */,
			);
			buildRules = (
			);
			dependencies = (
			);
			name = "A-list";
			packageProductDependencies = (
				10412AA72C2CA29800F79210 /* FirebaseAnalytics */,
				10412AA92C2CA29800F79210 /* FirebaseAnalyticsSwift */,
				10412AAB2C2CA29800F79210 /* FirebaseAuth */,
				10412AAD2C2CA29800F79210 /* FirebaseFirestore */,
				10412AAF2C2CA29800F79210 /* FirebaseFirestoreSwift */,
			);
			productName = "A-list";
			productReference = 1010B4D42C27238400F3114B /* A-list.app */;
			productType = "com.apple.product-type.application";
		};
		1010B4E82C27238700F3114B /* A-listTests */ = {
			isa = PBXNativeTarget;
			buildConfigurationList = 1010B5002C27238700F3114B /* Build configuration list for PBXNativeTarget "A-listTests" */;
			buildPhases = (
				1010B4E52C27238700F3114B /* Sources */,
				1010B4E62C27238700F3114B /* Frameworks */,
				1010B4E72C27238700F3114B /* Resources */,
			);
			buildRules = (
			);
			dependencies = (
				1010B4EB2C27238700F3114B /* PBXTargetDependency */,
			);
			name = "A-listTests";
			packageProductDependencies = (
			);
			productName = "A-listTests";
			productReference = 1010B4E92C27238700F3114B /* A-listTests.xctest */;
			productType = "com.apple.product-type.bundle.unit-test";
		};
		1010B4F22C27238700F3114B /* A-listUITests */ = {
			isa = PBXNativeTarget;
			buildConfigurationList = 1010B5032C27238700F3114B /* Build configuration list for PBXNativeTarget "A-listUITests" */;
			buildPhases = (
				1010B4EF2C27238700F3114B /* Sources */,
				1010B4F02C27238700F3114B /* Frameworks */,
				1010B4F12C27238700F3114B /* Resources */,
			);
			buildRules = (
			);
			dependencies = (
				1010B4F52C27238700F3114B /* PBXTargetDependency */,
			);
			name = "A-listUITests";
			productName = "A-listUITests";
			productReference = 1010B4F32C27238700F3114B /* A-listUITests.xctest */;
			productType = "com.apple.product-type.bundle.ui-testing";
		};
/* End PBXNativeTarget section */

/* Begin PBXProject section */
		1010B4CC2C27238400F3114B /* Project object */ = {
			isa = PBXProject;
			attributes = {
				BuildIndependentTargetsInParallel = 1;
				LastSwiftUpdateCheck = 1520;
				LastUpgradeCheck = 1520;
				TargetAttributes = {
					1010B4D32C27238400F3114B = {
						CreatedOnToolsVersion = 15.2;
					};
					1010B4E82C27238700F3114B = {
						CreatedOnToolsVersion = 15.2;
						TestTargetID = 1010B4D32C27238400F3114B;
					};
					1010B4F22C27238700F3114B = {
						CreatedOnToolsVersion = 15.2;
						TestTargetID = 1010B4D32C27238400F3114B;
					};
				};
			};
			buildConfigurationList = 1010B4CF2C27238400F3114B /* Build configuration list for PBXProject "A-list" */;
			compatibilityVersion = "Xcode 14.0";
			developmentRegion = uk;
			hasScannedForEncodings = 0;
			knownRegions = (
				en,
				Base,
				uk,
			);
			mainGroup = 1010B4CB2C27238400F3114B;
			packageReferences = (
				10439B222C29C060005979FF /* XCRemoteSwiftPackageReference "firebase-ios-sdk" */,
			);
			productRefGroup = 1010B4D52C27238400F3114B /* Products */;
			projectDirPath = "";
			projectRoot = "";
			targets = (
				1010B4D32C27238400F3114B /* A-list */,
				1010B4E82C27238700F3114B /* A-listTests */,
				1010B4F22C27238700F3114B /* A-listUITests */,
			);
		};
/* End PBXProject section */

/* Begin PBXResourcesBuildPhase section */
		1010B4D22C27238400F3114B /* Resources */ = {
			isa = PBXResourcesBuildPhase;
			buildActionMask = 2147483647;
			files = (
				1010B4DF2C27238600F3114B /* Preview Assets.xcassets in Resources */,
				1010B4DC2C27238600F3114B /* Assets.xcassets in Resources */,
				1024D0D62C2B426300202864 /* GoogleService-Info.plist in Resources */,
			);
			runOnlyForDeploymentPostprocessing = 0;
		};
		1010B4E72C27238700F3114B /* Resources */ = {
			isa = PBXResourcesBuildPhase;
			buildActionMask = 2147483647;
			files = (
			);
			runOnlyForDeploymentPostprocessing = 0;
		};
		1010B4F12C27238700F3114B /* Resources */ = {
			isa = PBXResourcesBuildPhase;
			buildActionMask = 2147483647;
			files = (
			);
			runOnlyForDeploymentPostprocessing = 0;
		};
/* End PBXResourcesBuildPhase section */

/* Begin PBXSourcesBuildPhase section */
		1010B4D02C27238400F3114B /* Sources */ = {
			isa = PBXSourcesBuildPhase;
			buildActionMask = 2147483647;
			files = (
				1024D0D02C2B1E1000202864 /* Encodable + Extension.swift in Sources */,
				1024D0D22C2B306700202864 /* MainView.swift in Sources */,
				107AF32C2C2AED6900A2F56B /* NotificationsSettingsView.swift in Sources */,
				10439B1A2C297FF5005979FF /* HomeViewModel.swift in Sources */,
				1010B4D82C27238400F3114B /* A_listApp.swift in Sources */,
				109F9D372C32CB3300709AA5 /* Test.swift in Sources */,
				10C753FA2C31F5B30011742B /* Unit.swift in Sources */,
				1011E5442C2C5F1700A75CA6 /* RegistrationViewViewModel.swift in Sources */,
				10DDFD6C2C286D9400F300F3 /* NewListViewModel.swift in Sources */,
				10DDFD5D2C282EFA00F300F3 /* Resources.swift in Sources */,
				107AF31A2C2A066D00A2F56B /* SettingsViewModel.swift in Sources */,
				1024D0D42C2B307B00202864 /* MainViewModel.swift in Sources */,
				10657EB72C3343F900E9657F /* KeyboardManager.swift in Sources */,
				10C1A53D2C2C0E38005C0F40 /* RegistrationView.swift in Sources */,
				10DDFD5F2C28519200F300F3 /* NewListView.swift in Sources */,
				10439B2E2C29C796005979FF /* LoginView.swift in Sources */,
				10C753F82C31F5370011742B /* ShoppingItem.swift in Sources */,
				107AF3182C2A063E00A2F56B /* SettingsView.swift in Sources */,
				10DDFD6A2C286B8F00F300F3 /* NewListSteps.swift in Sources */,
				107AF3342C2AFCF500A2F56B /* ShoppingList.swift in Sources */,
				10A6405C2C330CB3000FD228 /* Array + Extension.swift in Sources */,
				10439B322C29C7AC005979FF /* LoginViewModel.swift in Sources */,
				107AF3242C2AEC7800A2F56B /* FriendsSettingsView.swift in Sources */,
				107AF32A2C2AED3F00A2F56B /* ModeSettingsView.swift in Sources */,
				107AF3202C2AD7D300A2F56B /* SettingsSectionViewModel.swift in Sources */,
				1010B5072C28262C00F3114B /* HomeView.swift in Sources */,
				107AF3322C2AFCB500A2F56B /* Category.swift in Sources */,
				107AF31C2C2ACF0800A2F56B /* Settings.swift in Sources */,
				107AF3282C2AED1B00A2F56B /* CalendarSettingsView.swift in Sources */,
				107AF3302C2AFB0600A2F56B /* User.swift in Sources */,
				107AF3222C2AEC4300A2F56B /* UserSettingsView.swift in Sources */,
				10439B112C28B32E005979FF /* ListView.swift in Sources */,
				10439B152C28B86B005979FF /* ListViewModel.swift in Sources */,
				107AF32E2C2AED8500A2F56B /* SupportSettingsView.swift in Sources */,
				107AF31E2C2AD7BD00A2F56B /* SettingsSectionView.swift in Sources */,
			);
			runOnlyForDeploymentPostprocessing = 0;
		};
		1010B4E52C27238700F3114B /* Sources */ = {
			isa = PBXSourcesBuildPhase;
			buildActionMask = 2147483647;
			files = (
				1010B4EE2C27238700F3114B /* A_listTests.swift in Sources */,
				10439B332C29C7AC005979FF /* LoginViewModel.swift in Sources */,
			);
			runOnlyForDeploymentPostprocessing = 0;
		};
		1010B4EF2C27238700F3114B /* Sources */ = {
			isa = PBXSourcesBuildPhase;
			buildActionMask = 2147483647;
			files = (
				10439B342C29C7AC005979FF /* LoginViewModel.swift in Sources */,
				1010B4FA2C27238700F3114B /* A_listUITestsLaunchTests.swift in Sources */,
				1010B4F82C27238700F3114B /* A_listUITests.swift in Sources */,
			);
			runOnlyForDeploymentPostprocessing = 0;
		};
/* End PBXSourcesBuildPhase section */

/* Begin PBXTargetDependency section */
		1010B4EB2C27238700F3114B /* PBXTargetDependency */ = {
			isa = PBXTargetDependency;
			target = 1010B4D32C27238400F3114B /* A-list */;
			targetProxy = 1010B4EA2C27238700F3114B /* PBXContainerItemProxy */;
		};
		1010B4F52C27238700F3114B /* PBXTargetDependency */ = {
			isa = PBXTargetDependency;
			target = 1010B4D32C27238400F3114B /* A-list */;
			targetProxy = 1010B4F42C27238700F3114B /* PBXContainerItemProxy */;
		};
/* End PBXTargetDependency section */

/* Begin XCBuildConfiguration section */
		1010B4FB2C27238700F3114B /* Debug */ = {
			isa = XCBuildConfiguration;
			buildSettings = {
				ALWAYS_SEARCH_USER_PATHS = NO;
				ASSETCATALOG_COMPILER_GENERATE_SWIFT_ASSET_SYMBOL_EXTENSIONS = YES;
				CLANG_ANALYZER_NONNULL = YES;
				CLANG_ANALYZER_NUMBER_OBJECT_CONVERSION = YES_AGGRESSIVE;
				CLANG_CXX_LANGUAGE_STANDARD = "gnu++20";
				CLANG_ENABLE_MODULES = YES;
				CLANG_ENABLE_OBJC_ARC = YES;
				CLANG_ENABLE_OBJC_WEAK = YES;
				CLANG_WARN_BLOCK_CAPTURE_AUTORELEASING = YES;
				CLANG_WARN_BOOL_CONVERSION = YES;
				CLANG_WARN_COMMA = YES;
				CLANG_WARN_CONSTANT_CONVERSION = YES;
				CLANG_WARN_DEPRECATED_OBJC_IMPLEMENTATIONS = YES;
				CLANG_WARN_DIRECT_OBJC_ISA_USAGE = YES_ERROR;
				CLANG_WARN_DOCUMENTATION_COMMENTS = YES;
				CLANG_WARN_EMPTY_BODY = YES;
				CLANG_WARN_ENUM_CONVERSION = YES;
				CLANG_WARN_INFINITE_RECURSION = YES;
				CLANG_WARN_INT_CONVERSION = YES;
				CLANG_WARN_NON_LITERAL_NULL_CONVERSION = YES;
				CLANG_WARN_OBJC_IMPLICIT_RETAIN_SELF = YES;
				CLANG_WARN_OBJC_LITERAL_CONVERSION = YES;
				CLANG_WARN_OBJC_ROOT_CLASS = YES_ERROR;
				CLANG_WARN_QUOTED_INCLUDE_IN_FRAMEWORK_HEADER = YES;
				CLANG_WARN_RANGE_LOOP_ANALYSIS = YES;
				CLANG_WARN_STRICT_PROTOTYPES = YES;
				CLANG_WARN_SUSPICIOUS_MOVE = YES;
				CLANG_WARN_UNGUARDED_AVAILABILITY = YES_AGGRESSIVE;
				CLANG_WARN_UNREACHABLE_CODE = YES;
				CLANG_WARN__DUPLICATE_METHOD_MATCH = YES;
				COPY_PHASE_STRIP = NO;
				DEBUG_INFORMATION_FORMAT = dwarf;
				ENABLE_STRICT_OBJC_MSGSEND = YES;
				ENABLE_TESTABILITY = YES;
				ENABLE_USER_SCRIPT_SANDBOXING = YES;
				GCC_C_LANGUAGE_STANDARD = gnu17;
				GCC_DYNAMIC_NO_PIC = NO;
				GCC_NO_COMMON_BLOCKS = YES;
				GCC_OPTIMIZATION_LEVEL = 0;
				GCC_PREPROCESSOR_DEFINITIONS = (
					"DEBUG=1",
					"$(inherited)",
				);
				GCC_WARN_64_TO_32_BIT_CONVERSION = YES;
				GCC_WARN_ABOUT_RETURN_TYPE = YES_ERROR;
				GCC_WARN_UNDECLARED_SELECTOR = YES;
				GCC_WARN_UNINITIALIZED_AUTOS = YES_AGGRESSIVE;
				GCC_WARN_UNUSED_FUNCTION = YES;
				GCC_WARN_UNUSED_VARIABLE = YES;
				IPHONEOS_DEPLOYMENT_TARGET = 17.2;
				LOCALIZATION_PREFERS_STRING_CATALOGS = YES;
				MTL_ENABLE_DEBUG_INFO = INCLUDE_SOURCE;
				MTL_FAST_MATH = YES;
				ONLY_ACTIVE_ARCH = YES;
				SDKROOT = iphoneos;
				SWIFT_ACTIVE_COMPILATION_CONDITIONS = "DEBUG $(inherited)";
				SWIFT_OPTIMIZATION_LEVEL = "-Onone";
			};
			name = Debug;
		};
		1010B4FC2C27238700F3114B /* Release */ = {
			isa = XCBuildConfiguration;
			buildSettings = {
				ALWAYS_SEARCH_USER_PATHS = NO;
				ASSETCATALOG_COMPILER_GENERATE_SWIFT_ASSET_SYMBOL_EXTENSIONS = YES;
				CLANG_ANALYZER_NONNULL = YES;
				CLANG_ANALYZER_NUMBER_OBJECT_CONVERSION = YES_AGGRESSIVE;
				CLANG_CXX_LANGUAGE_STANDARD = "gnu++20";
				CLANG_ENABLE_MODULES = YES;
				CLANG_ENABLE_OBJC_ARC = YES;
				CLANG_ENABLE_OBJC_WEAK = YES;
				CLANG_WARN_BLOCK_CAPTURE_AUTORELEASING = YES;
				CLANG_WARN_BOOL_CONVERSION = YES;
				CLANG_WARN_COMMA = YES;
				CLANG_WARN_CONSTANT_CONVERSION = YES;
				CLANG_WARN_DEPRECATED_OBJC_IMPLEMENTATIONS = YES;
				CLANG_WARN_DIRECT_OBJC_ISA_USAGE = YES_ERROR;
				CLANG_WARN_DOCUMENTATION_COMMENTS = YES;
				CLANG_WARN_EMPTY_BODY = YES;
				CLANG_WARN_ENUM_CONVERSION = YES;
				CLANG_WARN_INFINITE_RECURSION = YES;
				CLANG_WARN_INT_CONVERSION = YES;
				CLANG_WARN_NON_LITERAL_NULL_CONVERSION = YES;
				CLANG_WARN_OBJC_IMPLICIT_RETAIN_SELF = YES;
				CLANG_WARN_OBJC_LITERAL_CONVERSION = YES;
				CLANG_WARN_OBJC_ROOT_CLASS = YES_ERROR;
				CLANG_WARN_QUOTED_INCLUDE_IN_FRAMEWORK_HEADER = YES;
				CLANG_WARN_RANGE_LOOP_ANALYSIS = YES;
				CLANG_WARN_STRICT_PROTOTYPES = YES;
				CLANG_WARN_SUSPICIOUS_MOVE = YES;
				CLANG_WARN_UNGUARDED_AVAILABILITY = YES_AGGRESSIVE;
				CLANG_WARN_UNREACHABLE_CODE = YES;
				CLANG_WARN__DUPLICATE_METHOD_MATCH = YES;
				COPY_PHASE_STRIP = NO;
				DEBUG_INFORMATION_FORMAT = "dwarf-with-dsym";
				ENABLE_NS_ASSERTIONS = NO;
				ENABLE_STRICT_OBJC_MSGSEND = YES;
				ENABLE_USER_SCRIPT_SANDBOXING = YES;
				GCC_C_LANGUAGE_STANDARD = gnu17;
				GCC_NO_COMMON_BLOCKS = YES;
				GCC_WARN_64_TO_32_BIT_CONVERSION = YES;
				GCC_WARN_ABOUT_RETURN_TYPE = YES_ERROR;
				GCC_WARN_UNDECLARED_SELECTOR = YES;
				GCC_WARN_UNINITIALIZED_AUTOS = YES_AGGRESSIVE;
				GCC_WARN_UNUSED_FUNCTION = YES;
				GCC_WARN_UNUSED_VARIABLE = YES;
				IPHONEOS_DEPLOYMENT_TARGET = 17.2;
				LOCALIZATION_PREFERS_STRING_CATALOGS = YES;
				MTL_ENABLE_DEBUG_INFO = NO;
				MTL_FAST_MATH = YES;
				SDKROOT = iphoneos;
				SWIFT_COMPILATION_MODE = wholemodule;
				VALIDATE_PRODUCT = YES;
			};
			name = Release;
		};
		1010B4FE2C27238700F3114B /* Debug */ = {
			isa = XCBuildConfiguration;
			buildSettings = {
				ASSETCATALOG_COMPILER_APPICON_NAME = AppIcon;
				ASSETCATALOG_COMPILER_GLOBAL_ACCENT_COLOR_NAME = AccentColor;
				CODE_SIGN_STYLE = Automatic;
				CURRENT_PROJECT_VERSION = 1;
				DEVELOPMENT_ASSET_PATHS = "\"A-list/Preview Content\"";
				DEVELOPMENT_TEAM = RYXUJKX2SJ;
				ENABLE_PREVIEWS = YES;
				GENERATE_INFOPLIST_FILE = YES;
				INFOPLIST_FILE = "A-list/Info.plist";
				INFOPLIST_KEY_UIApplicationSceneManifest_Generation = YES;
				INFOPLIST_KEY_UIApplicationSupportsIndirectInputEvents = YES;
				INFOPLIST_KEY_UILaunchScreen_Generation = YES;
				INFOPLIST_KEY_UISupportedInterfaceOrientations = "UIInterfaceOrientationLandscapeLeft UIInterfaceOrientationLandscapeRight UIInterfaceOrientationPortrait UIInterfaceOrientationPortraitUpsideDown";
				LD_RUNPATH_SEARCH_PATHS = (
					"$(inherited)",
					"@executable_path/Frameworks",
				);
				MARKETING_VERSION = 1.0;
				OTHER_LDFLAGS = "-ObjC";
				PRODUCT_BUNDLE_IDENTIFIER = "kateryna-tokarieva.A-list";
				PRODUCT_NAME = "$(TARGET_NAME)";
				SWIFT_EMIT_LOC_STRINGS = YES;
				SWIFT_VERSION = 5.0;
				TARGETED_DEVICE_FAMILY = "1,2";
			};
			name = Debug;
		};
		1010B4FF2C27238700F3114B /* Release */ = {
			isa = XCBuildConfiguration;
			buildSettings = {
				ASSETCATALOG_COMPILER_APPICON_NAME = AppIcon;
				ASSETCATALOG_COMPILER_GLOBAL_ACCENT_COLOR_NAME = AccentColor;
				CODE_SIGN_STYLE = Automatic;
				CURRENT_PROJECT_VERSION = 1;
				DEVELOPMENT_ASSET_PATHS = "\"A-list/Preview Content\"";
				DEVELOPMENT_TEAM = RYXUJKX2SJ;
				ENABLE_PREVIEWS = YES;
				GENERATE_INFOPLIST_FILE = YES;
				INFOPLIST_FILE = "A-list/Info.plist";
				INFOPLIST_KEY_UIApplicationSceneManifest_Generation = YES;
				INFOPLIST_KEY_UIApplicationSupportsIndirectInputEvents = YES;
				INFOPLIST_KEY_UILaunchScreen_Generation = YES;
				INFOPLIST_KEY_UISupportedInterfaceOrientations = "UIInterfaceOrientationLandscapeLeft UIInterfaceOrientationLandscapeRight UIInterfaceOrientationPortrait UIInterfaceOrientationPortraitUpsideDown";
				LD_RUNPATH_SEARCH_PATHS = (
					"$(inherited)",
					"@executable_path/Frameworks",
				);
				MARKETING_VERSION = 1.0;
				OTHER_LDFLAGS = "-ObjC";
				PRODUCT_BUNDLE_IDENTIFIER = "kateryna-tokarieva.A-list";
				PRODUCT_NAME = "$(TARGET_NAME)";
				SWIFT_EMIT_LOC_STRINGS = YES;
				SWIFT_VERSION = 5.0;
				TARGETED_DEVICE_FAMILY = "1,2";
			};
			name = Release;
		};
		1010B5012C27238700F3114B /* Debug */ = {
			isa = XCBuildConfiguration;
			buildSettings = {
				ALWAYS_EMBED_SWIFT_STANDARD_LIBRARIES = YES;
				BUNDLE_LOADER = "$(TEST_HOST)";
				CODE_SIGN_STYLE = Automatic;
				CURRENT_PROJECT_VERSION = 1;
				DEVELOPMENT_TEAM = RYXUJKX2SJ;
				GENERATE_INFOPLIST_FILE = YES;
				IPHONEOS_DEPLOYMENT_TARGET = 17.2;
				MARKETING_VERSION = 1.0;
				PRODUCT_BUNDLE_IDENTIFIER = "kateryna-tokarieva.A-listTests";
				PRODUCT_NAME = "$(TARGET_NAME)";
				SWIFT_EMIT_LOC_STRINGS = NO;
				SWIFT_VERSION = 5.0;
				TARGETED_DEVICE_FAMILY = "1,2";
				TEST_HOST = "$(BUILT_PRODUCTS_DIR)/A-list.app/$(BUNDLE_EXECUTABLE_FOLDER_PATH)/A-list";
			};
			name = Debug;
		};
		1010B5022C27238700F3114B /* Release */ = {
			isa = XCBuildConfiguration;
			buildSettings = {
				ALWAYS_EMBED_SWIFT_STANDARD_LIBRARIES = YES;
				BUNDLE_LOADER = "$(TEST_HOST)";
				CODE_SIGN_STYLE = Automatic;
				CURRENT_PROJECT_VERSION = 1;
				DEVELOPMENT_TEAM = RYXUJKX2SJ;
				GENERATE_INFOPLIST_FILE = YES;
				IPHONEOS_DEPLOYMENT_TARGET = 17.2;
				MARKETING_VERSION = 1.0;
				PRODUCT_BUNDLE_IDENTIFIER = "kateryna-tokarieva.A-listTests";
				PRODUCT_NAME = "$(TARGET_NAME)";
				SWIFT_EMIT_LOC_STRINGS = NO;
				SWIFT_VERSION = 5.0;
				TARGETED_DEVICE_FAMILY = "1,2";
				TEST_HOST = "$(BUILT_PRODUCTS_DIR)/A-list.app/$(BUNDLE_EXECUTABLE_FOLDER_PATH)/A-list";
			};
			name = Release;
		};
		1010B5042C27238700F3114B /* Debug */ = {
			isa = XCBuildConfiguration;
			buildSettings = {
				ALWAYS_EMBED_SWIFT_STANDARD_LIBRARIES = YES;
				CODE_SIGN_STYLE = Automatic;
				CURRENT_PROJECT_VERSION = 1;
				DEVELOPMENT_TEAM = RYXUJKX2SJ;
				GENERATE_INFOPLIST_FILE = YES;
				MARKETING_VERSION = 1.0;
				PRODUCT_BUNDLE_IDENTIFIER = "kateryna-tokarieva.A-listUITests";
				PRODUCT_NAME = "$(TARGET_NAME)";
				SWIFT_EMIT_LOC_STRINGS = NO;
				SWIFT_VERSION = 5.0;
				TARGETED_DEVICE_FAMILY = "1,2";
				TEST_TARGET_NAME = "A-list";
			};
			name = Debug;
		};
		1010B5052C27238700F3114B /* Release */ = {
			isa = XCBuildConfiguration;
			buildSettings = {
				ALWAYS_EMBED_SWIFT_STANDARD_LIBRARIES = YES;
				CODE_SIGN_STYLE = Automatic;
				CURRENT_PROJECT_VERSION = 1;
				DEVELOPMENT_TEAM = RYXUJKX2SJ;
				GENERATE_INFOPLIST_FILE = YES;
				MARKETING_VERSION = 1.0;
				PRODUCT_BUNDLE_IDENTIFIER = "kateryna-tokarieva.A-listUITests";
				PRODUCT_NAME = "$(TARGET_NAME)";
				SWIFT_EMIT_LOC_STRINGS = NO;
				SWIFT_VERSION = 5.0;
				TARGETED_DEVICE_FAMILY = "1,2";
				TEST_TARGET_NAME = "A-list";
			};
			name = Release;
		};
/* End XCBuildConfiguration section */

/* Begin XCConfigurationList section */
		1010B4CF2C27238400F3114B /* Build configuration list for PBXProject "A-list" */ = {
			isa = XCConfigurationList;
			buildConfigurations = (
				1010B4FB2C27238700F3114B /* Debug */,
				1010B4FC2C27238700F3114B /* Release */,
			);
			defaultConfigurationIsVisible = 0;
			defaultConfigurationName = Release;
		};
		1010B4FD2C27238700F3114B /* Build configuration list for PBXNativeTarget "A-list" */ = {
			isa = XCConfigurationList;
			buildConfigurations = (
				1010B4FE2C27238700F3114B /* Debug */,
				1010B4FF2C27238700F3114B /* Release */,
			);
			defaultConfigurationIsVisible = 0;
			defaultConfigurationName = Release;
		};
		1010B5002C27238700F3114B /* Build configuration list for PBXNativeTarget "A-listTests" */ = {
			isa = XCConfigurationList;
			buildConfigurations = (
				1010B5012C27238700F3114B /* Debug */,
				1010B5022C27238700F3114B /* Release */,
			);
			defaultConfigurationIsVisible = 0;
			defaultConfigurationName = Release;
		};
		1010B5032C27238700F3114B /* Build configuration list for PBXNativeTarget "A-listUITests" */ = {
			isa = XCConfigurationList;
			buildConfigurations = (
				1010B5042C27238700F3114B /* Debug */,
				1010B5052C27238700F3114B /* Release */,
			);
			defaultConfigurationIsVisible = 0;
			defaultConfigurationName = Release;
		};
/* End XCConfigurationList section */

/* Begin XCRemoteSwiftPackageReference section */
		10439B222C29C060005979FF /* XCRemoteSwiftPackageReference "firebase-ios-sdk" */ = {
			isa = XCRemoteSwiftPackageReference;
			repositoryURL = "https://github.com/firebase/firebase-ios-sdk";
			requirement = {
				kind = upToNextMajorVersion;
				minimumVersion = 10.28.0;
			};
		};
/* End XCRemoteSwiftPackageReference section */

/* Begin XCSwiftPackageProductDependency section */
		10412AA72C2CA29800F79210 /* FirebaseAnalytics */ = {
			isa = XCSwiftPackageProductDependency;
			package = 10439B222C29C060005979FF /* XCRemoteSwiftPackageReference "firebase-ios-sdk" */;
			productName = FirebaseAnalytics;
		};
		10412AA92C2CA29800F79210 /* FirebaseAnalyticsSwift */ = {
			isa = XCSwiftPackageProductDependency;
			package = 10439B222C29C060005979FF /* XCRemoteSwiftPackageReference "firebase-ios-sdk" */;
			productName = FirebaseAnalyticsSwift;
		};
		10412AAB2C2CA29800F79210 /* FirebaseAuth */ = {
			isa = XCSwiftPackageProductDependency;
			package = 10439B222C29C060005979FF /* XCRemoteSwiftPackageReference "firebase-ios-sdk" */;
			productName = FirebaseAuth;
		};
		10412AAD2C2CA29800F79210 /* FirebaseFirestore */ = {
			isa = XCSwiftPackageProductDependency;
			package = 10439B222C29C060005979FF /* XCRemoteSwiftPackageReference "firebase-ios-sdk" */;
			productName = FirebaseFirestore;
		};
		10412AAF2C2CA29800F79210 /* FirebaseFirestoreSwift */ = {
			isa = XCSwiftPackageProductDependency;
			package = 10439B222C29C060005979FF /* XCRemoteSwiftPackageReference "firebase-ios-sdk" */;
			productName = FirebaseFirestoreSwift;
		};
/* End XCSwiftPackageProductDependency section */
	};
	rootObject = 1010B4CC2C27238400F3114B /* Project object */;
}
