// !$*UTF8*$!
{
	archiveVersion = 1;
	classes = {
	};
	objectVersion = 56;
	objects = {

/* Begin PBXBuildFile section */
		1010B4D82C27238400F3114B /* A_listApp.swift in Sources */ = {isa = PBXBuildFile; fileRef = 1010B4D72C27238400F3114B /* A_listApp.swift */; };
		1010B4DA2C27238400F3114B /* ContentView.swift in Sources */ = {isa = PBXBuildFile; fileRef = 1010B4D92C27238400F3114B /* ContentView.swift */; };
		1010B4DC2C27238600F3114B /* Assets.xcassets in Resources */ = {isa = PBXBuildFile; fileRef = 1010B4DB2C27238600F3114B /* Assets.xcassets */; };
		1010B4DF2C27238600F3114B /* Preview Assets.xcassets in Resources */ = {isa = PBXBuildFile; fileRef = 1010B4DE2C27238600F3114B /* Preview Assets.xcassets */; };
		1010B4E12C27238600F3114B /* Persistence.swift in Sources */ = {isa = PBXBuildFile; fileRef = 1010B4E02C27238600F3114B /* Persistence.swift */; };
		1010B4E42C27238600F3114B /* A_list.xcdatamodeld in Sources */ = {isa = PBXBuildFile; fileRef = 1010B4E22C27238600F3114B /* A_list.xcdatamodeld */; };
		1010B4EE2C27238700F3114B /* A_listTests.swift in Sources */ = {isa = PBXBuildFile; fileRef = 1010B4ED2C27238700F3114B /* A_listTests.swift */; };
		1010B4F82C27238700F3114B /* A_listUITests.swift in Sources */ = {isa = PBXBuildFile; fileRef = 1010B4F72C27238700F3114B /* A_listUITests.swift */; };
		1010B4FA2C27238700F3114B /* A_listUITestsLaunchTests.swift in Sources */ = {isa = PBXBuildFile; fileRef = 1010B4F92C27238700F3114B /* A_listUITestsLaunchTests.swift */; };
/* End PBXBuildFile section */

/* Begin PBXContainerItemProxy section */
		1010B4EA2C27238700F3114B /* PBXContainerItemProxy */ = {
			isa = PBXContainerItemProxy;
			containerPortal = 1010B4CC2C27238400F3114B /* Project object */;
			proxyType = 1;
			remoteGlobalIDString = 1010B4D32C27238400F3114B;
			remoteInfo = "A-list";
		};
		1010B4F42C27238700F3114B /* PBXContainerItemProxy */ = {
			isa = PBXContainerItemProxy;
			containerPortal = 1010B4CC2C27238400F3114B /* Project object */;
			proxyType = 1;
			remoteGlobalIDString = 1010B4D32C27238400F3114B;
			remoteInfo = "A-list";
		};
/* End PBXContainerItemProxy section */

/* Begin PBXFileReference section */
		1010B4D42C27238400F3114B /* A-list.app */ = {isa = PBXFileReference; explicitFileType = wrapper.application; includeInIndex = 0; path = "A-list.app"; sourceTree = BUILT_PRODUCTS_DIR; };
		1010B4D72C27238400F3114B /* A_listApp.swift */ = {isa = PBXFileReference; lastKnownFileType = sourcecode.swift; path = A_listApp.swift; sourceTree = "<group>"; };
		1010B4D92C27238400F3114B /* ContentView.swift */ = {isa = PBXFileReference; lastKnownFileType = sourcecode.swift; path = ContentView.swift; sourceTree = "<group>"; };
		1010B4DB2C27238600F3114B /* Assets.xcassets */ = {isa = PBXFileReference; lastKnownFileType = folder.assetcatalog; path = Assets.xcassets; sourceTree = "<group>"; };
		1010B4DE2C27238600F3114B /* Preview Assets.xcassets */ = {isa = PBXFileReference; lastKnownFileType = folder.assetcatalog; path = "Preview Assets.xcassets"; sourceTree = "<group>"; };
		1010B4E02C27238600F3114B /* Persistence.swift */ = {isa = PBXFileReference; lastKnownFileType = sourcecode.swift; path = Persistence.swift; sourceTree = "<group>"; };
		1010B4E32C27238600F3114B /* A_list.xcdatamodel */ = {isa = PBXFileReference; lastKnownFileType = wrapper.xcdatamodel; path = A_list.xcdatamodel; sourceTree = "<group>"; };
		1010B4E92C27238700F3114B /* A-listTests.xctest */ = {isa = PBXFileReference; explicitFileType = wrapper.cfbundle; includeInIndex = 0; path = "A-listTests.xctest"; sourceTree = BUILT_PRODUCTS_DIR; };
		1010B4ED2C27238700F3114B /* A_listTests.swift */ = {isa = PBXFileReference; lastKnownFileType = sourcecode.swift; path = A_listTests.swift; sourceTree = "<group>"; };
		1010B4F32C27238700F3114B /* A-listUITests.xctest */ = {isa = PBXFileReference; explicitFileType = wrapper.cfbundle; includeInIndex = 0; path = "A-listUITests.xctest"; sourceTree = BUILT_PRODUCTS_DIR; };
		1010B4F72C27238700F3114B /* A_listUITests.swift */ = {isa = PBXFileReference; lastKnownFileType = sourcecode.swift; path = A_listUITests.swift; sourceTree = "<group>"; };
		1010B4F92C27238700F3114B /* A_listUITestsLaunchTests.swift */ = {isa = PBXFileReference; lastKnownFileType = sourcecode.swift; path = A_listUITestsLaunchTests.swift; sourceTree = "<group>"; };
/* End PBXFileReference section */

/* Begin PBXFrameworksBuildPhase section */
		1010B4D12C27238400F3114B /* Frameworks */ = {
			isa = PBXFrameworksBuildPhase;
			buildActionMask = 2147483647;
			files = (
			);
			runOnlyForDeploymentPostprocessing = 0;
		};
		1010B4E62C27238700F3114B /* Frameworks */ = {
			isa = PBXFrameworksBuildPhase;
			buildActionMask = 2147483647;
			files = (
			);
			runOnlyForDeploymentPostprocessing = 0;
		};
		1010B4F02C27238700F3114B /* Frameworks */ = {
			isa = PBXFrameworksBuildPhase;
			buildActionMask = 2147483647;
			files = (
			);
			runOnlyForDeploymentPostprocessing = 0;
		};
/* End PBXFrameworksBuildPhase section */

/* Begin PBXGroup section */
		1010B4CB2C27238400F3114B = {
			isa = PBXGroup;
			children = (
				1010B4D62C27238400F3114B /* A-list */,
				1010B4EC2C27238700F3114B /* A-listTests */,
				1010B4F62C27238700F3114B /* A-listUITests */,
				1010B4D52C27238400F3114B /* Products */,
			);
			sourceTree = "<group>";
		};
		1010B4D52C27238400F3114B /* Products */ = {
			isa = PBXGroup;
			children = (
				1010B4D42C27238400F3114B /* A-list.app */,
				1010B4E92C27238700F3114B /* A-listTests.xctest */,
				1010B4F32C27238700F3114B /* A-listUITests.xctest */,
			);
			name = Products;
			sourceTree = "<group>";
		};
		1010B4D62C27238400F3114B /* A-list */ = {
			isa = PBXGroup;
			children = (
				1010B4D72C27238400F3114B /* A_listApp.swift */,
				1010B4D92C27238400F3114B /* ContentView.swift */,
				1010B4DB2C27238600F3114B /* Assets.xcassets */,
				1010B4E02C27238600F3114B /* Persistence.swift */,
				1010B4E22C27238600F3114B /* A_list.xcdatamodeld */,
				1010B4DD2C27238600F3114B /* Preview Content */,
			);
			path = "A-list";
			sourceTree = "<group>";
		};
		1010B4DD2C27238600F3114B /* Preview Content */ = {
			isa = PBXGroup;
			children = (
				1010B4DE2C27238600F3114B /* Preview Assets.xcassets */,
			);
			path = "Preview Content";
			sourceTree = "<group>";
		};
		1010B4EC2C27238700F3114B /* A-listTests */ = {
			isa = PBXGroup;
			children = (
				1010B4ED2C27238700F3114B /* A_listTests.swift */,
			);
			path = "A-listTests";
			sourceTree = "<group>";
		};
		1010B4F62C27238700F3114B /* A-listUITests */ = {
			isa = PBXGroup;
			children = (
				1010B4F72C27238700F3114B /* A_listUITests.swift */,
				1010B4F92C27238700F3114B /* A_listUITestsLaunchTests.swift */,
			);
			path = "A-listUITests";
			sourceTree = "<group>";
		};
/* End PBXGroup section */

/* Begin PBXNativeTarget section */
		1010B4D32C27238400F3114B /* A-list */ = {
			isa = PBXNativeTarget;
			buildConfigurationList = 1010B4FD2C27238700F3114B /* Build configuration list for PBXNativeTarget "A-list" */;
			buildPhases = (
				1010B4D02C27238400F3114B /* Sources */,
				1010B4D12C27238400F3114B /* Frameworks */,
				1010B4D22C27238400F3114B /* Resources */,
			);
			buildRules = (
			);
			dependencies = (
			);
			name = "A-list";
			productName = "A-list";
			productReference = 1010B4D42C27238400F3114B /* A-list.app */;
			productType = "com.apple.product-type.application";
		};
		1010B4E82C27238700F3114B /* A-listTests */ = {
			isa = PBXNativeTarget;
			buildConfigurationList = 1010B5002C27238700F3114B /* Build configuration list for PBXNativeTarget "A-listTests" */;
			buildPhases = (
				1010B4E52C27238700F3114B /* Sources */,
				1010B4E62C27238700F3114B /* Frameworks */,
				1010B4E72C27238700F3114B /* Resources */,
			);
			buildRules = (
			);
			dependencies = (
				1010B4EB2C27238700F3114B /* PBXTargetDependency */,
			);
			name = "A-listTests";
			productName = "A-listTests";
			productReference = 1010B4E92C27238700F3114B /* A-listTests.xctest */;
			productType = "com.apple.product-type.bundle.unit-test";
		};
		1010B4F22C27238700F3114B /* A-listUITests */ = {
			isa = PBXNativeTarget;
			buildConfigurationList = 1010B5032C27238700F3114B /* Build configuration list for PBXNativeTarget "A-listUITests" */;
			buildPhases = (
				1010B4EF2C27238700F3114B /* Sources */,
				1010B4F02C27238700F3114B /* Frameworks */,
				1010B4F12C27238700F3114B /* Resources */,
			);
			buildRules = (
			);
			dependencies = (
				1010B4F52C27238700F3114B /* PBXTargetDependency */,
			);
			name = "A-listUITests";
			productName = "A-listUITests";
			productReference = 1010B4F32C27238700F3114B /* A-listUITests.xctest */;
			productType = "com.apple.product-type.bundle.ui-testing";
		};
/* End PBXNativeTarget section */

/* Begin PBXProject section */
		1010B4CC2C27238400F3114B /* Project object */ = {
			isa = PBXProject;
			attributes = {
				BuildIndependentTargetsInParallel = 1;
				LastSwiftUpdateCheck = 1520;
				LastUpgradeCheck = 1520;
				TargetAttributes = {
					1010B4D32C27238400F3114B = {
						CreatedOnToolsVersion = 15.2;
					};
					1010B4E82C27238700F3114B = {
						CreatedOnToolsVersion = 15.2;
						TestTargetID = 1010B4D32C27238400F3114B;
					};
					1010B4F22C27238700F3114B = {
						CreatedOnToolsVersion = 15.2;
						TestTargetID = 1010B4D32C27238400F3114B;
					};
				};
			};
			buildConfigurationList = 1010B4CF2C27238400F3114B /* Build configuration list for PBXProject "A-list" */;
			compatibilityVersion = "Xcode 14.0";
			developmentRegion = en;
			hasScannedForEncodings = 0;
			knownRegions = (
				en,
				Base,
			);
			mainGroup = 1010B4CB2C27238400F3114B;
			productRefGroup = 1010B4D52C27238400F3114B /* Products */;
			projectDirPath = "";
			projectRoot = "";
			targets = (
				1010B4D32C27238400F3114B /* A-list */,
				1010B4E82C27238700F3114B /* A-listTests */,
				1010B4F22C27238700F3114B /* A-listUITests */,
			);
		};
/* End PBXProject section */

/* Begin PBXResourcesBuildPhase section */
		1010B4D22C27238400F3114B /* Resources */ = {
			isa = PBXResourcesBuildPhase;
			buildActionMask = 2147483647;
			files = (
				1010B4DF2C27238600F3114B /* Preview Assets.xcassets in Resources */,
				1010B4DC2C27238600F3114B /* Assets.xcassets in Resources */,
			);
			runOnlyForDeploymentPostprocessing = 0;
		};
		1010B4E72C27238700F3114B /* Resources */ = {
			isa = PBXResourcesBuildPhase;
			buildActionMask = 2147483647;
			files = (
			);
			runOnlyForDeploymentPostprocessing = 0;
		};
		1010B4F12C27238700F3114B /* Resources */ = {
			isa = PBXResourcesBuildPhase;
			buildActionMask = 2147483647;
			files = (
			);
			runOnlyForDeploymentPostprocessing = 0;
		};
/* End PBXResourcesBuildPhase section */

/* Begin PBXSourcesBuildPhase section */
		1010B4D02C27238400F3114B /* Sources */ = {
			isa = PBXSourcesBuildPhase;
			buildActionMask = 2147483647;
			files = (
				1010B4E12C27238600F3114B /* Persistence.swift in Sources */,
				1010B4DA2C27238400F3114B /* ContentView.swift in Sources */,
				1010B4D82C27238400F3114B /* A_listApp.swift in Sources */,
				1010B4E42C27238600F3114B /* A_list.xcdatamodeld in Sources */,
			);
			runOnlyForDeploymentPostprocessing = 0;
		};
		1010B4E52C27238700F3114B /* Sources */ = {
			isa = PBXSourcesBuildPhase;
			buildActionMask = 2147483647;
			files = (
				1010B4EE2C27238700F3114B /* A_listTests.swift in Sources */,
			);
			runOnlyForDeploymentPostprocessing = 0;
		};
		1010B4EF2C27238700F3114B /* Sources */ = {
			isa = PBXSourcesBuildPhase;
			buildActionMask = 2147483647;
			files = (
				1010B4FA2C27238700F3114B /* A_listUITestsLaunchTests.swift in Sources */,
				1010B4F82C27238700F3114B /* A_listUITests.swift in Sources */,
			);
			runOnlyForDeploymentPostprocessing = 0;
		};
/* End PBXSourcesBuildPhase section */

/* Begin PBXTargetDependency section */
		1010B4EB2C27238700F3114B /* PBXTargetDependency */ = {
			isa = PBXTargetDependency;
			target = 1010B4D32C27238400F3114B /* A-list */;
			targetProxy = 1010B4EA2C27238700F3114B /* PBXContainerItemProxy */;
		};
		1010B4F52C27238700F3114B /* PBXTargetDependency */ = {
			isa = PBXTargetDependency;
			target = 1010B4D32C27238400F3114B /* A-list */;
			targetProxy = 1010B4F42C27238700F3114B /* PBXContainerItemProxy */;
		};
/* End PBXTargetDependency section */

/* Begin XCBuildConfiguration section */
		1010B4FB2C27238700F3114B /* Debug */ = {
			isa = XCBuildConfiguration;
			buildSettings = {
				ALWAYS_SEARCH_USER_PATHS = NO;
				ASSETCATALOG_COMPILER_GENERATE_SWIFT_ASSET_SYMBOL_EXTENSIONS = YES;
				CLANG_ANALYZER_NONNULL = YES;
				CLANG_ANALYZER_NUMBER_OBJECT_CONVERSION = YES_AGGRESSIVE;
				CLANG_CXX_LANGUAGE_STANDARD = "gnu++20";
				CLANG_ENABLE_MODULES = YES;
				CLANG_ENABLE_OBJC_ARC = YES;
				CLANG_ENABLE_OBJC_WEAK = YES;
				CLANG_WARN_BLOCK_CAPTURE_AUTORELEASING = YES;
				CLANG_WARN_BOOL_CONVERSION = YES;
				CLANG_WARN_COMMA = YES;
				CLANG_WARN_CONSTANT_CONVERSION = YES;
				CLANG_WARN_DEPRECATED_OBJC_IMPLEMENTATIONS = YES;
				CLANG_WARN_DIRECT_OBJC_ISA_USAGE = YES_ERROR;
				CLANG_WARN_DOCUMENTATION_COMMENTS = YES;
				CLANG_WARN_EMPTY_BODY = YES;
				CLANG_WARN_ENUM_CONVERSION = YES;
				CLANG_WARN_INFINITE_RECURSION = YES;
				CLANG_WARN_INT_CONVERSION = YES;
				CLANG_WARN_NON_LITERAL_NULL_CONVERSION = YES;
				CLANG_WARN_OBJC_IMPLICIT_RETAIN_SELF = YES;
				CLANG_WARN_OBJC_LITERAL_CONVERSION = YES;
				CLANG_WARN_OBJC_ROOT_CLASS = YES_ERROR;
				CLANG_WARN_QUOTED_INCLUDE_IN_FRAMEWORK_HEADER = YES;
				CLANG_WARN_RANGE_LOOP_ANALYSIS = YES;
				CLANG_WARN_STRICT_PROTOTYPES = YES;
				CLANG_WARN_SUSPICIOUS_MOVE = YES;
				CLANG_WARN_UNGUARDED_AVAILABILITY = YES_AGGRESSIVE;
				CLANG_WARN_UNREACHABLE_CODE = YES;
				CLANG_WARN__DUPLICATE_METHOD_MATCH = YES;
				COPY_PHASE_STRIP = NO;
				DEBUG_INFORMATION_FORMAT = dwarf;
				ENABLE_STRICT_OBJC_MSGSEND = YES;
				ENABLE_TESTABILITY = YES;
				ENABLE_USER_SCRIPT_SANDBOXING = YES;
				GCC_C_LANGUAGE_STANDARD = gnu17;
				GCC_DYNAMIC_NO_PIC = NO;
				GCC_NO_COMMON_BLOCKS = YES;
				GCC_OPTIMIZATION_LEVEL = 0;
				GCC_PREPROCESSOR_DEFINITIONS = (
					"DEBUG=1",
					"$(inherited)",
				);
				GCC_WARN_64_TO_32_BIT_CONVERSION = YES;
				GCC_WARN_ABOUT_RETURN_TYPE = YES_ERROR;
				GCC_WARN_UNDECLARED_SELECTOR = YES;
				GCC_WARN_UNINITIALIZED_AUTOS = YES_AGGRESSIVE;
				GCC_WARN_UNUSED_FUNCTION = YES;
				GCC_WARN_UNUSED_VARIABLE = YES;
				IPHONEOS_DEPLOYMENT_TARGET = 17.2;
				LOCALIZATION_PREFERS_STRING_CATALOGS = YES;
				MTL_ENABLE_DEBUG_INFO = INCLUDE_SOURCE;
				MTL_FAST_MATH = YES;
				ONLY_ACTIVE_ARCH = YES;
				SDKROOT = iphoneos;
				SWIFT_ACTIVE_COMPILATION_CONDITIONS = "DEBUG $(inherited)";
				SWIFT_OPTIMIZATION_LEVEL = "-Onone";
			};
			name = Debug;
		};
		1010B4FC2C27238700F3114B /* Release */ = {
			isa = XCBuildConfiguration;
			buildSettings = {
				ALWAYS_SEARCH_USER_PATHS = NO;
				ASSETCATALOG_COMPILER_GENERATE_SWIFT_ASSET_SYMBOL_EXTENSIONS = YES;
				CLANG_ANALYZER_NONNULL = YES;
				CLANG_ANALYZER_NUMBER_OBJECT_CONVERSION = YES_AGGRESSIVE;
				CLANG_CXX_LANGUAGE_STANDARD = "gnu++20";
				CLANG_ENABLE_MODULES = YES;
				CLANG_ENABLE_OBJC_ARC = YES;
				CLANG_ENABLE_OBJC_WEAK = YES;
				CLANG_WARN_BLOCK_CAPTURE_AUTORELEASING = YES;
				CLANG_WARN_BOOL_CONVERSION = YES;
				CLANG_WARN_COMMA = YES;
				CLANG_WARN_CONSTANT_CONVERSION = YES;
				CLANG_WARN_DEPRECATED_OBJC_IMPLEMENTATIONS = YES;
				CLANG_WARN_DIRECT_OBJC_ISA_USAGE = YES_ERROR;
				CLANG_WARN_DOCUMENTATION_COMMENTS = YES;
				CLANG_WARN_EMPTY_BODY = YES;
				CLANG_WARN_ENUM_CONVERSION = YES;
				CLANG_WARN_INFINITE_RECURSION = YES;
				CLANG_WARN_INT_CONVERSION = YES;
				CLANG_WARN_NON_LITERAL_NULL_CONVERSION = YES;
				CLANG_WARN_OBJC_IMPLICIT_RETAIN_SELF = YES;
				CLANG_WARN_OBJC_LITERAL_CONVERSION = YES;
				CLANG_WARN_OBJC_ROOT_CLASS = YES_ERROR;
				CLANG_WARN_QUOTED_INCLUDE_IN_FRAMEWORK_HEADER = YES;
				CLANG_WARN_RANGE_LOOP_ANALYSIS = YES;
				CLANG_WARN_STRICT_PROTOTYPES = YES;
				CLANG_WARN_SUSPICIOUS_MOVE = YES;
				CLANG_WARN_UNGUARDED_AVAILABILITY = YES_AGGRESSIVE;
				CLANG_WARN_UNREACHABLE_CODE = YES;
				CLANG_WARN__DUPLICATE_METHOD_MATCH = YES;
				COPY_PHASE_STRIP = NO;
				DEBUG_INFORMATION_FORMAT = "dwarf-with-dsym";
				ENABLE_NS_ASSERTIONS = NO;
				ENABLE_STRICT_OBJC_MSGSEND = YES;
				ENABLE_USER_SCRIPT_SANDBOXING = YES;
				GCC_C_LANGUAGE_STANDARD = gnu17;
				GCC_NO_COMMON_BLOCKS = YES;
				GCC_WARN_64_TO_32_BIT_CONVERSION = YES;
				GCC_WARN_ABOUT_RETURN_TYPE = YES_ERROR;
				GCC_WARN_UNDECLARED_SELECTOR = YES;
				GCC_WARN_UNINITIALIZED_AUTOS = YES_AGGRESSIVE;
				GCC_WARN_UNUSED_FUNCTION = YES;
				GCC_WARN_UNUSED_VARIABLE = YES;
				IPHONEOS_DEPLOYMENT_TARGET = 17.2;
				LOCALIZATION_PREFERS_STRING_CATALOGS = YES;
				MTL_ENABLE_DEBUG_INFO = NO;
				MTL_FAST_MATH = YES;
				SDKROOT = iphoneos;
				SWIFT_COMPILATION_MODE = wholemodule;
				VALIDATE_PRODUCT = YES;
			};
			name = Release;
		};
		1010B4FE2C27238700F3114B /* Debug */ = {
			isa = XCBuildConfiguration;
			buildSettings = {
				ASSETCATALOG_COMPILER_APPICON_NAME = AppIcon;
				ASSETCATALOG_COMPILER_GLOBAL_ACCENT_COLOR_NAME = AccentColor;
				CODE_SIGN_STYLE = Automatic;
				CURRENT_PROJECT_VERSION = 1;
				DEVELOPMENT_ASSET_PATHS = "\"A-list/Preview Content\"";
				DEVELOPMENT_TEAM = RYXUJKX2SJ;
				ENABLE_PREVIEWS = YES;
				GENERATE_INFOPLIST_FILE = YES;
				INFOPLIST_KEY_UIApplicationSceneManifest_Generation = YES;
				INFOPLIST_KEY_UIApplicationSupportsIndirectInputEvents = YES;
				INFOPLIST_KEY_UILaunchScreen_Generation = YES;
				INFOPLIST_KEY_UISupportedInterfaceOrientations_iPad = "UIInterfaceOrientationPortrait UIInterfaceOrientationPortraitUpsideDown UIInterfaceOrientationLandscapeLeft UIInterfaceOrientationLandscapeRight";
				INFOPLIST_KEY_UISupportedInterfaceOrientations_iPhone = "UIInterfaceOrientationPortrait UIInterfaceOrientationLandscapeLeft UIInterfaceOrientationLandscapeRight";
				LD_RUNPATH_SEARCH_PATHS = (
					"$(inherited)",
					"@executable_path/Frameworks",
				);
				MARKETING_VERSION = 1.0;
				PRODUCT_BUNDLE_IDENTIFIER = "kateryna-tokarieva.A-list";
				PRODUCT_NAME = "$(TARGET_NAME)";
				SWIFT_EMIT_LOC_STRINGS = YES;
				SWIFT_VERSION = 5.0;
				TARGETED_DEVICE_FAMILY = "1,2";
			};
			name = Debug;
		};
		1010B4FF2C27238700F3114B /* Release */ = {
			isa = XCBuildConfiguration;
			buildSettings = {
				ASSETCATALOG_COMPILER_APPICON_NAME = AppIcon;
				ASSETCATALOG_COMPILER_GLOBAL_ACCENT_COLOR_NAME = AccentColor;
				CODE_SIGN_STYLE = Automatic;
				CURRENT_PROJECT_VERSION = 1;
				DEVELOPMENT_ASSET_PATHS = "\"A-list/Preview Content\"";
				DEVELOPMENT_TEAM = RYXUJKX2SJ;
				ENABLE_PREVIEWS = YES;
				GENERATE_INFOPLIST_FILE = YES;
				INFOPLIST_KEY_UIApplicationSceneManifest_Generation = YES;
				INFOPLIST_KEY_UIApplicationSupportsIndirectInputEvents = YES;
				INFOPLIST_KEY_UILaunchScreen_Generation = YES;
				INFOPLIST_KEY_UISupportedInterfaceOrientations_iPad = "UIInterfaceOrientationPortrait UIInterfaceOrientationPortraitUpsideDown UIInterfaceOrientationLandscapeLeft UIInterfaceOrientationLandscapeRight";
				INFOPLIST_KEY_UISupportedInterfaceOrientations_iPhone = "UIInterfaceOrientationPortrait UIInterfaceOrientationLandscapeLeft UIInterfaceOrientationLandscapeRight";
				LD_RUNPATH_SEARCH_PATHS = (
					"$(inherited)",
					"@executable_path/Frameworks",
				);
				MARKETING_VERSION = 1.0;
				PRODUCT_BUNDLE_IDENTIFIER = "kateryna-tokarieva.A-list";
				PRODUCT_NAME = "$(TARGET_NAME)";
				SWIFT_EMIT_LOC_STRINGS = YES;
				SWIFT_VERSION = 5.0;
				TARGETED_DEVICE_FAMILY = "1,2";
			};
			name = Release;
		};
		1010B5012C27238700F3114B /* Debug */ = {
			isa = XCBuildConfiguration;
			buildSettings = {
				ALWAYS_EMBED_SWIFT_STANDARD_LIBRARIES = YES;
				BUNDLE_LOADER = "$(TEST_HOST)";
				CODE_SIGN_STYLE = Automatic;
				CURRENT_PROJECT_VERSION = 1;
				DEVELOPMENT_TEAM = RYXUJKX2SJ;
				GENERATE_INFOPLIST_FILE = YES;
				IPHONEOS_DEPLOYMENT_TARGET = 17.2;
				MARKETING_VERSION = 1.0;
				PRODUCT_BUNDLE_IDENTIFIER = "kateryna-tokarieva.A-listTests";
				PRODUCT_NAME = "$(TARGET_NAME)";
				SWIFT_EMIT_LOC_STRINGS = NO;
				SWIFT_VERSION = 5.0;
				TARGETED_DEVICE_FAMILY = "1,2";
				TEST_HOST = "$(BUILT_PRODUCTS_DIR)/A-list.app/$(BUNDLE_EXECUTABLE_FOLDER_PATH)/A-list";
			};
			name = Debug;
		};
		1010B5022C27238700F3114B /* Release */ = {
			isa = XCBuildConfiguration;
			buildSettings = {
				ALWAYS_EMBED_SWIFT_STANDARD_LIBRARIES = YES;
				BUNDLE_LOADER = "$(TEST_HOST)";
				CODE_SIGN_STYLE = Automatic;
				CURRENT_PROJECT_VERSION = 1;
				DEVELOPMENT_TEAM = RYXUJKX2SJ;
				GENERATE_INFOPLIST_FILE = YES;
				IPHONEOS_DEPLOYMENT_TARGET = 17.2;
				MARKETING_VERSION = 1.0;
				PRODUCT_BUNDLE_IDENTIFIER = "kateryna-tokarieva.A-listTests";
				PRODUCT_NAME = "$(TARGET_NAME)";
				SWIFT_EMIT_LOC_STRINGS = NO;
				SWIFT_VERSION = 5.0;
				TARGETED_DEVICE_FAMILY = "1,2";
				TEST_HOST = "$(BUILT_PRODUCTS_DIR)/A-list.app/$(BUNDLE_EXECUTABLE_FOLDER_PATH)/A-list";
			};
			name = Release;
		};
		1010B5042C27238700F3114B /* Debug */ = {
			isa = XCBuildConfiguration;
			buildSettings = {
				ALWAYS_EMBED_SWIFT_STANDARD_LIBRARIES = YES;
				CODE_SIGN_STYLE = Automatic;
				CURRENT_PROJECT_VERSION = 1;
				DEVELOPMENT_TEAM = RYXUJKX2SJ;
				GENERATE_INFOPLIST_FILE = YES;
				MARKETING_VERSION = 1.0;
				PRODUCT_BUNDLE_IDENTIFIER = "kateryna-tokarieva.A-listUITests";
				PRODUCT_NAME = "$(TARGET_NAME)";
				SWIFT_EMIT_LOC_STRINGS = NO;
				SWIFT_VERSION = 5.0;
				TARGETED_DEVICE_FAMILY = "1,2";
				TEST_TARGET_NAME = "A-list";
			};
			name = Debug;
		};
		1010B5052C27238700F3114B /* Release */ = {
			isa = XCBuildConfiguration;
			buildSettings = {
				ALWAYS_EMBED_SWIFT_STANDARD_LIBRARIES = YES;
				CODE_SIGN_STYLE = Automatic;
				CURRENT_PROJECT_VERSION = 1;
				DEVELOPMENT_TEAM = RYXUJKX2SJ;
				GENERATE_INFOPLIST_FILE = YES;
				MARKETING_VERSION = 1.0;
				PRODUCT_BUNDLE_IDENTIFIER = "kateryna-tokarieva.A-listUITests";
				PRODUCT_NAME = "$(TARGET_NAME)";
				SWIFT_EMIT_LOC_STRINGS = NO;
				SWIFT_VERSION = 5.0;
				TARGETED_DEVICE_FAMILY = "1,2";
				TEST_TARGET_NAME = "A-list";
			};
			name = Release;
		};
/* End XCBuildConfiguration section */

/* Begin XCConfigurationList section */
		1010B4CF2C27238400F3114B /* Build configuration list for PBXProject "A-list" */ = {
			isa = XCConfigurationList;
			buildConfigurations = (
				1010B4FB2C27238700F3114B /* Debug */,
				1010B4FC2C27238700F3114B /* Release */,
			);
			defaultConfigurationIsVisible = 0;
			defaultConfigurationName = Release;
		};
		1010B4FD2C27238700F3114B /* Build configuration list for PBXNativeTarget "A-list" */ = {
			isa = XCConfigurationList;
			buildConfigurations = (
				1010B4FE2C27238700F3114B /* Debug */,
				1010B4FF2C27238700F3114B /* Release */,
			);
			defaultConfigurationIsVisible = 0;
			defaultConfigurationName = Release;
		};
		1010B5002C27238700F3114B /* Build configuration list for PBXNativeTarget "A-listTests" */ = {
			isa = XCConfigurationList;
			buildConfigurations = (
				1010B5012C27238700F3114B /* Debug */,
				1010B5022C27238700F3114B /* Release */,
			);
			defaultConfigurationIsVisible = 0;
			defaultConfigurationName = Release;
		};
		1010B5032C27238700F3114B /* Build configuration list for PBXNativeTarget "A-listUITests" */ = {
			isa = XCConfigurationList;
			buildConfigurations = (
				1010B5042C27238700F3114B /* Debug */,
				1010B5052C27238700F3114B /* Release */,
			);
			defaultConfigurationIsVisible = 0;
			defaultConfigurationName = Release;
		};
/* End XCConfigurationList section */

/* Begin XCVersionGroup section */
		1010B4E22C27238600F3114B /* A_list.xcdatamodeld */ = {
			isa = XCVersionGroup;
			children = (
				1010B4E32C27238600F3114B /* A_list.xcdatamodel */,
			);
			currentVersion = 1010B4E32C27238600F3114B /* A_list.xcdatamodel */;
			path = A_list.xcdatamodeld;
			sourceTree = "<group>";
			versionGroupType = wrapper.xcdatamodel;
		};
/* End XCVersionGroup section */
	};
	rootObject = 1010B4CC2C27238400F3114B /* Project object */;
}
